
Microsoft Visual Studio Solution File, Format Version 12.00
# Visual Studio Version 16
VisualStudioVersion = 16.0.32510.428
MinimumVisualStudioVersion = 10.0.40219.1
Project("{FAE04EC0-301F-11D3-BF4B-00C04F79EFBC}") = "Swap Two Numbers", "Swap Two Numbers\Swap Two Numbers.csproj", "{8218A89D-791D-4F57-B455-C96C92C80E52}"
EndProject
Project("{FAE04EC0-301F-11D3-BF4B-00C04F79EFBC}") = "Fibonacci Series", "..\Fibonacci Series\Fibonacci Series.csproj", "{9F7D8E43-FCF6-4748-90AD-E492522A3141}"
EndProject
Project("{FAE04EC0-301F-11D3-BF4B-00C04F79EFBC}") = "Factorial Number", "..\Factorial Number\Factorial Number.csproj", "{E40DF842-5296-4DCF-B9F6-734FA45D4620}"
EndProject
Global
	GlobalSection(SolutionConfigurationPlatforms) = preSolution
		Debug|Any CPU = Debug|Any CPU
		Release|Any CPU = Release|Any CPU
	EndGlobalSection
	GlobalSection(ProjectConfigurationPlatforms) = postSolution
		{8218A89D-791D-4F57-B455-C96C92C80E52}.Debug|Any CPU.ActiveCfg = Debug|Any CPU
		{8218A89D-791D-4F57-B455-C96C92C80E52}.Debug|Any CPU.Build.0 = Debug|Any CPU
		{8218A89D-791D-4F57-B455-C96C92C80E52}.Release|Any CPU.ActiveCfg = Release|Any CPU
		{8218A89D-791D-4F57-B455-C96C92C80E52}.Release|Any CPU.Build.0 = Release|Any CPU
		{9F7D8E43-FCF6-4748-90AD-E492522A3141}.Debug|Any CPU.ActiveCfg = Debug|Any CPU
		{9F7D8E43-FCF6-4748-90AD-E492522A3141}.Debug|Any CPU.Build.0 = Debug|Any CPU
		{9F7D8E43-FCF6-4748-90AD-E492522A3141}.Release|Any CPU.ActiveCfg = Release|Any CPU
		{9F7D8E43-FCF6-4748-90AD-E492522A3141}.Release|Any CPU.Build.0 = Release|Any CPU
		{E40DF842-5296-4DCF-B9F6-734FA45D4620}.Debug|Any CPU.ActiveCfg = Debug|Any CPU
		{E40DF842-5296-4DCF-B9F6-734FA45D4620}.Debug|Any CPU.Build.0 = Debug|Any CPU
		{E40DF842-5296-4DCF-B9F6-734FA45D4620}.Release|Any CPU.ActiveCfg = Release|Any CPU
		{E40DF842-5296-4DCF-B9F6-734FA45D4620}.Release|Any CPU.Build.0 = Release|Any CPU
	EndGlobalSection
	GlobalSection(SolutionProperties) = preSolution
		HideSolutionNode = FALSE
	EndGlobalSection
	GlobalSection(ExtensibilityGlobals) = postSolution
		SolutionGuid = {493D1247-85F7-4359-BEE3-92456E16FC80}
	EndGlobalSection
EndGlobal
